// !$*UTF8*$!
{
	archiveVersion = 1;
	classes = {
	};
	objectVersion = 77;
	objects = {

/* Begin PBXContainerItemProxy section */
		AB9030512D45C48900EF3763 /* PBXContainerItemProxy */ = {
			isa = PBXContainerItemProxy;
			containerPortal = AB9030382D45C48700EF3763 /* Project object */;
			proxyType = 1;
			remoteGlobalIDString = AB90303F2D45C48700EF3763;
			remoteInfo = NooroTakeHome;
		};
		AB90305B2D45C48900EF3763 /* PBXContainerItemProxy */ = {
			isa = PBXContainerItemProxy;
			containerPortal = AB9030382D45C48700EF3763 /* Project object */;
			proxyType = 1;
			remoteGlobalIDString = AB90303F2D45C48700EF3763;
			remoteInfo = NooroTakeHome;
		};
/* End PBXContainerItemProxy section */

/* Begin PBXFileReference section */
		AB9030402D45C48700EF3763 /* NooroTakeHome.app */ = {isa = PBXFileReference; explicitFileType = wrapper.application; includeInIndex = 0; path = NooroTakeHome.app; sourceTree = BUILT_PRODUCTS_DIR; };
		AB9030502D45C48900EF3763 /* NooroTakeHomeTests.xctest */ = {isa = PBXFileReference; explicitFileType = wrapper.cfbundle; includeInIndex = 0; path = NooroTakeHomeTests.xctest; sourceTree = BUILT_PRODUCTS_DIR; };
		AB90305A2D45C48900EF3763 /* NooroTakeHomeUITests.xctest */ = {isa = PBXFileReference; explicitFileType = wrapper.cfbundle; includeInIndex = 0; path = NooroTakeHomeUITests.xctest; sourceTree = BUILT_PRODUCTS_DIR; };
/* End PBXFileReference section */

/* Begin PBXFileSystemSynchronizedRootGroup section */
		AB9030422D45C48700EF3763 /* NooroTakeHome */ = {
			isa = PBXFileSystemSynchronizedRootGroup;
			path = NooroTakeHome;
			sourceTree = "<group>";
		};
		AB9030532D45C48900EF3763 /* NooroTakeHomeTests */ = {
			isa = PBXFileSystemSynchronizedRootGroup;
			path = NooroTakeHomeTests;
			sourceTree = "<group>";
		};
		AB90305D2D45C48900EF3763 /* NooroTakeHomeUITests */ = {
			isa = PBXFileSystemSynchronizedRootGroup;
			path = NooroTakeHomeUITests;
			sourceTree = "<group>";
		};
/* End PBXFileSystemSynchronizedRootGroup section */

/* Begin PBXFrameworksBuildPhase section */
		AB90303D2D45C48700EF3763 /* Frameworks */ = {
			isa = PBXFrameworksBuildPhase;
			buildActionMask = 2147483647;
			files = (
			);
			runOnlyForDeploymentPostprocessing = 0;
		};
		AB90304D2D45C48900EF3763 /* Frameworks */ = {
			isa = PBXFrameworksBuildPhase;
			buildActionMask = 2147483647;
			files = (
			);
			runOnlyForDeploymentPostprocessing = 0;
		};
		AB9030572D45C48900EF3763 /* Frameworks */ = {
			isa = PBXFrameworksBuildPhase;
			buildActionMask = 2147483647;
			files = (
			);
			runOnlyForDeploymentPostprocessing = 0;
		};
/* End PBXFrameworksBuildPhase section */

/* Begin PBXGroup section */
		AB9030372D45C48700EF3763 = {
			isa = PBXGroup;
			children = (
				AB9030422D45C48700EF3763 /* NooroTakeHome */,
				AB9030532D45C48900EF3763 /* NooroTakeHomeTests */,
				AB90305D2D45C48900EF3763 /* NooroTakeHomeUITests */,
				AB9030412D45C48700EF3763 /* Products */,
			);
			sourceTree = "<group>";
		};
		AB9030412D45C48700EF3763 /* Products */ = {
			isa = PBXGroup;
			children = (
				AB9030402D45C48700EF3763 /* NooroTakeHome.app */,
				AB9030502D45C48900EF3763 /* NooroTakeHomeTests.xctest */,
				AB90305A2D45C48900EF3763 /* NooroTakeHomeUITests.xctest */,
			);
			name = Products;
			sourceTree = "<group>";
		};
/* End PBXGroup section */

/* Begin PBXNativeTarget section */
		AB90303F2D45C48700EF3763 /* NooroTakeHome */ = {
			isa = PBXNativeTarget;
			buildConfigurationList = AB9030642D45C48900EF3763 /* Build configuration list for PBXNativeTarget "NooroTakeHome" */;
			buildPhases = (
				AB90303C2D45C48700EF3763 /* Sources */,
				AB90303D2D45C48700EF3763 /* Frameworks */,
				AB90303E2D45C48700EF3763 /* Resources */,
			);
			buildRules = (
			);
			dependencies = (
			);
			fileSystemSynchronizedGroups = (
				AB9030422D45C48700EF3763 /* NooroTakeHome */,
			);
			name = NooroTakeHome;
			packageProductDependencies = (
			);
			productName = NooroTakeHome;
			productReference = AB9030402D45C48700EF3763 /* NooroTakeHome.app */;
			productType = "com.apple.product-type.application";
		};
		AB90304F2D45C48900EF3763 /* NooroTakeHomeTests */ = {
			isa = PBXNativeTarget;
			buildConfigurationList = AB9030672D45C48900EF3763 /* Build configuration list for PBXNativeTarget "NooroTakeHomeTests" */;
			buildPhases = (
				AB90304C2D45C48900EF3763 /* Sources */,
				AB90304D2D45C48900EF3763 /* Frameworks */,
				AB90304E2D45C48900EF3763 /* Resources */,
			);
			buildRules = (
			);
			dependencies = (
				AB9030522D45C48900EF3763 /* PBXTargetDependency */,
			);
			fileSystemSynchronizedGroups = (
				AB9030532D45C48900EF3763 /* NooroTakeHomeTests */,
			);
			name = NooroTakeHomeTests;
			packageProductDependencies = (
			);
			productName = NooroTakeHomeTests;
			productReference = AB9030502D45C48900EF3763 /* NooroTakeHomeTests.xctest */;
			productType = "com.apple.product-type.bundle.unit-test";
		};
		AB9030592D45C48900EF3763 /* NooroTakeHomeUITests */ = {
			isa = PBXNativeTarget;
			buildConfigurationList = AB90306A2D45C48900EF3763 /* Build configuration list for PBXNativeTarget "NooroTakeHomeUITests" */;
			buildPhases = (
				AB9030562D45C48900EF3763 /* Sources */,
				AB9030572D45C48900EF3763 /* Frameworks */,
				AB9030582D45C48900EF3763 /* Resources */,
			);
			buildRules = (
			);
			dependencies = (
				AB90305C2D45C48900EF3763 /* PBXTargetDependency */,
			);
			fileSystemSynchronizedGroups = (
				AB90305D2D45C48900EF3763 /* NooroTakeHomeUITests */,
			);
			name = NooroTakeHomeUITests;
			packageProductDependencies = (
			);
			productName = NooroTakeHomeUITests;
			productReference = AB90305A2D45C48900EF3763 /* NooroTakeHomeUITests.xctest */;
			productType = "com.apple.product-type.bundle.ui-testing";
		};
/* End PBXNativeTarget section */

/* Begin PBXProject section */
		AB9030382D45C48700EF3763 /* Project object */ = {
			isa = PBXProject;
			attributes = {
				BuildIndependentTargetsInParallel = 1;
				LastSwiftUpdateCheck = 1610;
				LastUpgradeCheck = 1610;
				TargetAttributes = {
					AB90303F2D45C48700EF3763 = {
						CreatedOnToolsVersion = 16.1;
					};
					AB90304F2D45C48900EF3763 = {
						CreatedOnToolsVersion = 16.1;
						TestTargetID = AB90303F2D45C48700EF3763;
					};
					AB9030592D45C48900EF3763 = {
						CreatedOnToolsVersion = 16.1;
						TestTargetID = AB90303F2D45C48700EF3763;
					};
				};
			};
			buildConfigurationList = AB90303B2D45C48700EF3763 /* Build configuration list for PBXProject "NooroTakeHome" */;
			developmentRegion = en;
			hasScannedForEncodings = 0;
			knownRegions = (
				en,
				Base,
			);
			mainGroup = AB9030372D45C48700EF3763;
			minimizedProjectReferenceProxies = 1;
			preferredProjectObjectVersion = 77;
			productRefGroup = AB9030412D45C48700EF3763 /* Products */;
			projectDirPath = "";
			projectRoot = "";
			targets = (
				AB90303F2D45C48700EF3763 /* NooroTakeHome */,
				AB90304F2D45C48900EF3763 /* NooroTakeHomeTests */,
				AB9030592D45C48900EF3763 /* NooroTakeHomeUITests */,
			);
		};
/* End PBXProject section */

/* Begin PBXResourcesBuildPhase section */
		AB90303E2D45C48700EF3763 /* Resources */ = {
			isa = PBXResourcesBuildPhase;
			buildActionMask = 2147483647;
			files = (
			);
			runOnlyForDeploymentPostprocessing = 0;
		};
		AB90304E2D45C48900EF3763 /* Resources */ = {
			isa = PBXResourcesBuildPhase;
			buildActionMask = 2147483647;
			files = (
			);
			runOnlyForDeploymentPostprocessing = 0;
		};
		AB9030582D45C48900EF3763 /* Resources */ = {
			isa = PBXResourcesBuildPhase;
			buildActionMask = 2147483647;
			files = (
			);
			runOnlyForDeploymentPostprocessing = 0;
		};
/* End PBXResourcesBuildPhase section */

/* Begin PBXSourcesBuildPhase section */
		AB90303C2D45C48700EF3763 /* Sources */ = {
			isa = PBXSourcesBuildPhase;
			buildActionMask = 2147483647;
			files = (
			);
			runOnlyForDeploymentPostprocessing = 0;
		};
		AB90304C2D45C48900EF3763 /* Sources */ = {
			isa = PBXSourcesBuildPhase;
			buildActionMask = 2147483647;
			files = (
			);
			runOnlyForDeploymentPostprocessing = 0;
		};
		AB9030562D45C48900EF3763 /* Sources */ = {
			isa = PBXSourcesBuildPhase;
			buildActionMask = 2147483647;
			files = (
			);
			runOnlyForDeploymentPostprocessing = 0;
		};
/* End PBXSourcesBuildPhase section */

/* Begin PBXTargetDependency section */
		AB9030522D45C48900EF3763 /* PBXTargetDependency */ = {
			isa = PBXTargetDependency;
			target = AB90303F2D45C48700EF3763 /* NooroTakeHome */;
			targetProxy = AB9030512D45C48900EF3763 /* PBXContainerItemProxy */;
		};
		AB90305C2D45C48900EF3763 /* PBXTargetDependency */ = {
			isa = PBXTargetDependency;
			target = AB90303F2D45C48700EF3763 /* NooroTakeHome */;
			targetProxy = AB90305B2D45C48900EF3763 /* PBXContainerItemProxy */;
		};
/* End PBXTargetDependency section */

/* Begin XCBuildConfiguration section */
		AB9030622D45C48900EF3763 /* Debug */ = {
			isa = XCBuildConfiguration;
			buildSettings = {
				ALWAYS_SEARCH_USER_PATHS = NO;
				ASSETCATALOG_COMPILER_GENERATE_SWIFT_ASSET_SYMBOL_EXTENSIONS = YES;
				CLANG_ANALYZER_NONNULL = YES;
				CLANG_ANALYZER_NUMBER_OBJECT_CONVERSION = YES_AGGRESSIVE;
				CLANG_CXX_LANGUAGE_STANDARD = "gnu++20";
				CLANG_ENABLE_MODULES = YES;
				CLANG_ENABLE_OBJC_ARC = YES;
				CLANG_ENABLE_OBJC_WEAK = YES;
				CLANG_WARN_BLOCK_CAPTURE_AUTORELEASING = YES;
				CLANG_WARN_BOOL_CONVERSION = YES;
				CLANG_WARN_COMMA = YES;
				CLANG_WARN_CONSTANT_CONVERSION = YES;
				CLANG_WARN_DEPRECATED_OBJC_IMPLEMENTATIONS = YES;
				CLANG_WARN_DIRECT_OBJC_ISA_USAGE = YES_ERROR;
				CLANG_WARN_DOCUMENTATION_COMMENTS = YES;
				CLANG_WARN_EMPTY_BODY = YES;
				CLANG_WARN_ENUM_CONVERSION = YES;
				CLANG_WARN_INFINITE_RECURSION = YES;
				CLANG_WARN_INT_CONVERSION = YES;
				CLANG_WARN_NON_LITERAL_NULL_CONVERSION = YES;
				CLANG_WARN_OBJC_IMPLICIT_RETAIN_SELF = YES;
				CLANG_WARN_OBJC_LITERAL_CONVERSION = YES;
				CLANG_WARN_OBJC_ROOT_CLASS = YES_ERROR;
				CLANG_WARN_QUOTED_INCLUDE_IN_FRAMEWORK_HEADER = YES;
				CLANG_WARN_RANGE_LOOP_ANALYSIS = YES;
				CLANG_WARN_STRICT_PROTOTYPES = YES;
				CLANG_WARN_SUSPICIOUS_MOVE = YES;
				CLANG_WARN_UNGUARDED_AVAILABILITY = YES_AGGRESSIVE;
				CLANG_WARN_UNREACHABLE_CODE = YES;
				CLANG_WARN__DUPLICATE_METHOD_MATCH = YES;
				COPY_PHASE_STRIP = NO;
				DEBUG_INFORMATION_FORMAT = dwarf;
				ENABLE_STRICT_OBJC_MSGSEND = YES;
				ENABLE_TESTABILITY = YES;
				ENABLE_USER_SCRIPT_SANDBOXING = YES;
				GCC_C_LANGUAGE_STANDARD = gnu17;
				GCC_DYNAMIC_NO_PIC = NO;
				GCC_NO_COMMON_BLOCKS = YES;
				GCC_OPTIMIZATION_LEVEL = 0;
				GCC_PREPROCESSOR_DEFINITIONS = (
					"DEBUG=1",
					"$(inherited)",
				);
				GCC_WARN_64_TO_32_BIT_CONVERSION = YES;
				GCC_WARN_ABOUT_RETURN_TYPE = YES_ERROR;
				GCC_WARN_UNDECLARED_SELECTOR = YES;
				GCC_WARN_UNINITIALIZED_AUTOS = YES_AGGRESSIVE;
				GCC_WARN_UNUSED_FUNCTION = YES;
				GCC_WARN_UNUSED_VARIABLE = YES;
				IPHONEOS_DEPLOYMENT_TARGET = 18.1;
				LOCALIZATION_PREFERS_STRING_CATALOGS = YES;
				MTL_ENABLE_DEBUG_INFO = INCLUDE_SOURCE;
				MTL_FAST_MATH = YES;
				ONLY_ACTIVE_ARCH = YES;
				SDKROOT = iphoneos;
				SWIFT_ACTIVE_COMPILATION_CONDITIONS = "DEBUG $(inherited)";
				SWIFT_OPTIMIZATION_LEVEL = "-Onone";
			};
			name = Debug;
		};
		AB9030632D45C48900EF3763 /* Release */ = {
			isa = XCBuildConfiguration;
			buildSettings = {
				ALWAYS_SEARCH_USER_PATHS = NO;
				ASSETCATALOG_COMPILER_GENERATE_SWIFT_ASSET_SYMBOL_EXTENSIONS = YES;
				CLANG_ANALYZER_NONNULL = YES;
				CLANG_ANALYZER_NUMBER_OBJECT_CONVERSION = YES_AGGRESSIVE;
				CLANG_CXX_LANGUAGE_STANDARD = "gnu++20";
				CLANG_ENABLE_MODULES = YES;
				CLANG_ENABLE_OBJC_ARC = YES;
				CLANG_ENABLE_OBJC_WEAK = YES;
				CLANG_WARN_BLOCK_CAPTURE_AUTORELEASING = YES;
				CLANG_WARN_BOOL_CONVERSION = YES;
				CLANG_WARN_COMMA = YES;
				CLANG_WARN_CONSTANT_CONVERSION = YES;
				CLANG_WARN_DEPRECATED_OBJC_IMPLEMENTATIONS = YES;
				CLANG_WARN_DIRECT_OBJC_ISA_USAGE = YES_ERROR;
				CLANG_WARN_DOCUMENTATION_COMMENTS = YES;
				CLANG_WARN_EMPTY_BODY = YES;
				CLANG_WARN_ENUM_CONVERSION = YES;
				CLANG_WARN_INFINITE_RECURSION = YES;
				CLANG_WARN_INT_CONVERSION = YES;
				CLANG_WARN_NON_LITERAL_NULL_CONVERSION = YES;
				CLANG_WARN_OBJC_IMPLICIT_RETAIN_SELF = YES;
				CLANG_WARN_OBJC_LITERAL_CONVERSION = YES;
				CLANG_WARN_OBJC_ROOT_CLASS = YES_ERROR;
				CLANG_WARN_QUOTED_INCLUDE_IN_FRAMEWORK_HEADER = YES;
				CLANG_WARN_RANGE_LOOP_ANALYSIS = YES;
				CLANG_WARN_STRICT_PROTOTYPES = YES;
				CLANG_WARN_SUSPICIOUS_MOVE = YES;
				CLANG_WARN_UNGUARDED_AVAILABILITY = YES_AGGRESSIVE;
				CLANG_WARN_UNREACHABLE_CODE = YES;
				CLANG_WARN__DUPLICATE_METHOD_MATCH = YES;
				COPY_PHASE_STRIP = NO;
				DEBUG_INFORMATION_FORMAT = "dwarf-with-dsym";
				ENABLE_NS_ASSERTIONS = NO;
				ENABLE_STRICT_OBJC_MSGSEND = YES;
				ENABLE_USER_SCRIPT_SANDBOXING = YES;
				GCC_C_LANGUAGE_STANDARD = gnu17;
				GCC_NO_COMMON_BLOCKS = YES;
				GCC_WARN_64_TO_32_BIT_CONVERSION = YES;
				GCC_WARN_ABOUT_RETURN_TYPE = YES_ERROR;
				GCC_WARN_UNDECLARED_SELECTOR = YES;
				GCC_WARN_UNINITIALIZED_AUTOS = YES_AGGRESSIVE;
				GCC_WARN_UNUSED_FUNCTION = YES;
				GCC_WARN_UNUSED_VARIABLE = YES;
				IPHONEOS_DEPLOYMENT_TARGET = 18.1;
				LOCALIZATION_PREFERS_STRING_CATALOGS = YES;
				MTL_ENABLE_DEBUG_INFO = NO;
				MTL_FAST_MATH = YES;
				SDKROOT = iphoneos;
				SWIFT_COMPILATION_MODE = wholemodule;
				VALIDATE_PRODUCT = YES;
			};
			name = Release;
		};
		AB9030652D45C48900EF3763 /* Debug */ = {
			isa = XCBuildConfiguration;
			buildSettings = {
				ASSETCATALOG_COMPILER_APPICON_NAME = AppIcon;
				ASSETCATALOG_COMPILER_GLOBAL_ACCENT_COLOR_NAME = AccentColor;
				CODE_SIGN_STYLE = Automatic;
				CURRENT_PROJECT_VERSION = 1;
				DEVELOPMENT_ASSET_PATHS = "\"NooroTakeHome/Preview Content\"";
				DEVELOPMENT_TEAM = Q9Y4KHSR78;
				ENABLE_PREVIEWS = YES;
				GENERATE_INFOPLIST_FILE = YES;
				INFOPLIST_KEY_UIApplicationSceneManifest_Generation = YES;
				INFOPLIST_KEY_UIApplicationSupportsIndirectInputEvents = YES;
				INFOPLIST_KEY_UILaunchScreen_Generation = YES;
				INFOPLIST_KEY_UISupportedInterfaceOrientations_iPad = "UIInterfaceOrientationPortrait UIInterfaceOrientationPortraitUpsideDown UIInterfaceOrientationLandscapeLeft UIInterfaceOrientationLandscapeRight";
				INFOPLIST_KEY_UISupportedInterfaceOrientations_iPhone = "UIInterfaceOrientationPortrait UIInterfaceOrientationLandscapeLeft UIInterfaceOrientationLandscapeRight";
				LD_RUNPATH_SEARCH_PATHS = (
					"$(inherited)",
					"@executable_path/Frameworks",
				);
				MARKETING_VERSION = 1.0;
				PRODUCT_BUNDLE_IDENTIFIER = com.thisatest.myapp.NooroTakeHome;
				PRODUCT_NAME = "$(TARGET_NAME)";
				SWIFT_EMIT_LOC_STRINGS = YES;
				SWIFT_VERSION = 5.0;
				TARGETED_DEVICE_FAMILY = "1,2";
			};
			name = Debug;
		};
		AB9030662D45C48900EF3763 /* Release */ = {
			isa = XCBuildConfiguration;
			buildSettings = {
				ASSETCATALOG_COMPILER_APPICON_NAME = AppIcon;
				ASSETCATALOG_COMPILER_GLOBAL_ACCENT_COLOR_NAME = AccentColor;
				CODE_SIGN_STYLE = Automatic;
				CURRENT_PROJECT_VERSION = 1;
				DEVELOPMENT_ASSET_PATHS = "\"NooroTakeHome/Preview Content\"";
				DEVELOPMENT_TEAM = Q9Y4KHSR78;
				ENABLE_PREVIEWS = YES;
				GENERATE_INFOPLIST_FILE = YES;
				INFOPLIST_KEY_UIApplicationSceneManifest_Generation = YES;
				INFOPLIST_KEY_UIApplicationSupportsIndirectInputEvents = YES;
				INFOPLIST_KEY_UILaunchScreen_Generation = YES;
				INFOPLIST_KEY_UISupportedInterfaceOrientations_iPad = "UIInterfaceOrientationPortrait UIInterfaceOrientationPortraitUpsideDown UIInterfaceOrientationLandscapeLeft UIInterfaceOrientationLandscapeRight";
				INFOPLIST_KEY_UISupportedInterfaceOrientations_iPhone = "UIInterfaceOrientationPortrait UIInterfaceOrientationLandscapeLeft UIInterfaceOrientationLandscapeRight";
				LD_RUNPATH_SEARCH_PATHS = (
					"$(inherited)",
					"@executable_path/Frameworks",
				);
				MARKETING_VERSION = 1.0;
				PRODUCT_BUNDLE_IDENTIFIER = com.thisatest.myapp.NooroTakeHome;
				PRODUCT_NAME = "$(TARGET_NAME)";
				SWIFT_EMIT_LOC_STRINGS = YES;
				SWIFT_VERSION = 5.0;
				TARGETED_DEVICE_FAMILY = "1,2";
			};
			name = Release;
		};
		AB9030682D45C48900EF3763 /* Debug */ = {
			isa = XCBuildConfiguration;
			buildSettings = {
				BUNDLE_LOADER = "$(TEST_HOST)";
				CODE_SIGN_STYLE = Automatic;
				CURRENT_PROJECT_VERSION = 1;
				DEVELOPMENT_TEAM = Q9Y4KHSR78;
				GENERATE_INFOPLIST_FILE = YES;
				IPHONEOS_DEPLOYMENT_TARGET = 18.1;
				MARKETING_VERSION = 1.0;
				PRODUCT_BUNDLE_IDENTIFIER = com.thisatest.myapp.NooroTakeHomeTests;
				PRODUCT_NAME = "$(TARGET_NAME)";
				SWIFT_EMIT_LOC_STRINGS = NO;
				SWIFT_VERSION = 5.0;
				TARGETED_DEVICE_FAMILY = "1,2";
				TEST_HOST = "$(BUILT_PRODUCTS_DIR)/NooroTakeHome.app/$(BUNDLE_EXECUTABLE_FOLDER_PATH)/NooroTakeHome";
			};
			name = Debug;
		};
		AB9030692D45C48900EF3763 /* Release */ = {
			isa = XCBuildConfiguration;
			buildSettings = {
				BUNDLE_LOADER = "$(TEST_HOST)";
				CODE_SIGN_STYLE = Automatic;
				CURRENT_PROJECT_VERSION = 1;
				DEVELOPMENT_TEAM = Q9Y4KHSR78;
				GENERATE_INFOPLIST_FILE = YES;
				IPHONEOS_DEPLOYMENT_TARGET = 18.1;
				MARKETING_VERSION = 1.0;
				PRODUCT_BUNDLE_IDENTIFIER = com.thisatest.myapp.NooroTakeHomeTests;
				PRODUCT_NAME = "$(TARGET_NAME)";
				SWIFT_EMIT_LOC_STRINGS = NO;
				SWIFT_VERSION = 5.0;
				TARGETED_DEVICE_FAMILY = "1,2";
				TEST_HOST = "$(BUILT_PRODUCTS_DIR)/NooroTakeHome.app/$(BUNDLE_EXECUTABLE_FOLDER_PATH)/NooroTakeHome";
			};
			name = Release;
		};
		AB90306B2D45C48900EF3763 /* Debug */ = {
			isa = XCBuildConfiguration;
			buildSettings = {
				CODE_SIGN_STYLE = Automatic;
				CURRENT_PROJECT_VERSION = 1;
				DEVELOPMENT_TEAM = Q9Y4KHSR78;
				GENERATE_INFOPLIST_FILE = YES;
				MARKETING_VERSION = 1.0;
				PRODUCT_BUNDLE_IDENTIFIER = com.thisatest.myapp.NooroTakeHomeUITests;
				PRODUCT_NAME = "$(TARGET_NAME)";
				SWIFT_EMIT_LOC_STRINGS = NO;
				SWIFT_VERSION = 5.0;
				TARGETED_DEVICE_FAMILY = "1,2";
				TEST_TARGET_NAME = NooroTakeHome;
			};
			name = Debug;
		};
		AB90306C2D45C48900EF3763 /* Release */ = {
			isa = XCBuildConfiguration;
			buildSettings = {
				CODE_SIGN_STYLE = Automatic;
				CURRENT_PROJECT_VERSION = 1;
				DEVELOPMENT_TEAM = Q9Y4KHSR78;
				GENERATE_INFOPLIST_FILE = YES;
				MARKETING_VERSION = 1.0;
				PRODUCT_BUNDLE_IDENTIFIER = com.thisatest.myapp.NooroTakeHomeUITests;
				PRODUCT_NAME = "$(TARGET_NAME)";
				SWIFT_EMIT_LOC_STRINGS = NO;
				SWIFT_VERSION = 5.0;
				TARGETED_DEVICE_FAMILY = "1,2";
				TEST_TARGET_NAME = NooroTakeHome;
			};
			name = Release;
		};
/* End XCBuildConfiguration section */

/* Begin XCConfigurationList section */
		AB90303B2D45C48700EF3763 /* Build configuration list for PBXProject "NooroTakeHome" */ = {
			isa = XCConfigurationList;
			buildConfigurations = (
				AB9030622D45C48900EF3763 /* Debug */,
				AB9030632D45C48900EF3763 /* Release */,
			);
			defaultConfigurationIsVisible = 0;
			defaultConfigurationName = Release;
		};
		AB9030642D45C48900EF3763 /* Build configuration list for PBXNativeTarget "NooroTakeHome" */ = {
			isa = XCConfigurationList;
			buildConfigurations = (
				AB9030652D45C48900EF3763 /* Debug */,
				AB9030662D45C48900EF3763 /* Release */,
			);
			defaultConfigurationIsVisible = 0;
			defaultConfigurationName = Release;
		};
		AB9030672D45C48900EF3763 /* Build configuration list for PBXNativeTarget "NooroTakeHomeTests" */ = {
			isa = XCConfigurationList;
			buildConfigurations = (
				AB9030682D45C48900EF3763 /* Debug */,
				AB9030692D45C48900EF3763 /* Release */,
			);
			defaultConfigurationIsVisible = 0;
			defaultConfigurationName = Release;
		};
		AB90306A2D45C48900EF3763 /* Build configuration list for PBXNativeTarget "NooroTakeHomeUITests" */ = {
			isa = XCConfigurationList;
			buildConfigurations = (
				AB90306B2D45C48900EF3763 /* Debug */,
				AB90306C2D45C48900EF3763 /* Release */,
			);
			defaultConfigurationIsVisible = 0;
			defaultConfigurationName = Release;
		};
/* End XCConfigurationList section */
	};
	rootObject = AB9030382D45C48700EF3763 /* Project object */;
}
